
Microsoft Visual Studio Solution File, Format Version 12.00
# Visual Studio Version 17
VisualStudioVersion = 17.0.32112.339
MinimumVisualStudioVersion = 10.0.40219.1
Project("{FAE04EC0-301F-11D3-BF4B-00C04F79EFBC}") = "WhatWillHappenIn2030", "WhatWillHappenIn2030\WhatWillHappenIn2030.csproj", "{EEA6684D-46AF-4983-BA6D-9832224613BD}"
EndProject
Global
	GlobalSection(SolutionConfigurationPlatforms) = preSolution
		Debug|Any CPU = Debug|Any CPU
		Release|Any CPU = Release|Any CPU
	EndGlobalSection
	GlobalSection(ProjectConfigurationPlatforms) = postSolution
		{EEA6684D-46AF-4983-BA6D-9832224613BD}.Debug|Any CPU.ActiveCfg = Debug|Any CPU
		{EEA6684D-46AF-4983-BA6D-9832224613BD}.Debug|Any CPU.Build.0 = Debug|Any CPU
		{EEA6684D-46AF-4983-BA6D-9832224613BD}.Release|Any CPU.ActiveCfg = Release|Any CPU
		{EEA6684D-46AF-4983-BA6D-9832224613BD}.Release|Any CPU.Build.0 = Release|Any CPU
	EndGlobalSection
	GlobalSection(SolutionProperties) = preSolution
		HideSolutionNode = FALSE
	EndGlobalSection
	GlobalSection(ExtensibilityGlobals) = postSolution
		SolutionGuid = {72214C0D-1D7B-438A-A21D-297DD01E0105}
	EndGlobalSection
EndGlobal
